
Microsoft Visual Studio Solution File, Format Version 12.00
# Visual Studio Version 17
VisualStudioVersion = 17.6.33723.286
MinimumVisualStudioVersion = 10.0.40219.1
Project("{FAE04EC0-301F-11D3-BF4B-00C04F79EFBC}") = "HiddenGPT", "HiddenGPT.csproj", "{7F258E95-27C2-4094-9BFC-0C59B8710C4C}"
EndProject
Global
	GlobalSection(SolutionConfigurationPlatforms) = preSolution
		Debug|Any CPU = Debug|Any CPU
		Release|Any CPU = Release|Any CPU
	EndGlobalSection
	GlobalSection(ProjectConfigurationPlatforms) = postSolution
		{7F258E95-27C2-4094-9BFC-0C59B8710C4C}.Debug|Any CPU.ActiveCfg = Debug|Any CPU
		{7F258E95-27C2-4094-9BFC-0C59B8710C4C}.Debug|Any CPU.Build.0 = Debug|Any CPU
		{7F258E95-27C2-4094-9BFC-0C59B8710C4C}.Release|Any CPU.ActiveCfg = Release|Any CPU
		{7F258E95-27C2-4094-9BFC-0C59B8710C4C}.Release|Any CPU.Build.0 = Release|Any CPU
	EndGlobalSection
	GlobalSection(SolutionProperties) = preSolution
		HideSolutionNode = FALSE
	EndGlobalSection
	GlobalSection(ExtensibilityGlobals) = postSolution
		SolutionGuid = {29CABDDA-26C6-4FFE-A642-11B8E9840D2D}
	EndGlobalSection
EndGlobal
